
Microsoft Visual Studio Solution File, Format Version 12.00
# Visual Studio Version 17
VisualStudioVersion = 17.3.32825.248
MinimumVisualStudioVersion = 10.0.40219.1
Project("{9A19103F-16F7-4668-BE54-9A1E7A4F7556}") = "VladLib", "VladLib.csproj", "{3380FADA-148B-456C-932C-4286472B765C}"
EndProject
Project("{FAE04EC0-301F-11D3-BF4B-00C04F79EFBC}") = "ConsoleAppLab", "..\ConsoleAppLab\ConsoleAppLab.csproj", "{B8DBC524-D685-4E5A-8248-593241B6F56B}"
EndProject
Global
	GlobalSection(SolutionConfigurationPlatforms) = preSolution
		Debug|Any CPU = Debug|Any CPU
		Release|Any CPU = Release|Any CPU
	EndGlobalSection
	GlobalSection(ProjectConfigurationPlatforms) = postSolution
		{3380FADA-148B-456C-932C-4286472B765C}.Debug|Any CPU.ActiveCfg = Debug|Any CPU
		{3380FADA-148B-456C-932C-4286472B765C}.Debug|Any CPU.Build.0 = Debug|Any CPU
		{3380FADA-148B-456C-932C-4286472B765C}.Release|Any CPU.ActiveCfg = Release|Any CPU
		{3380FADA-148B-456C-932C-4286472B765C}.Release|Any CPU.Build.0 = Release|Any CPU
		{B8DBC524-D685-4E5A-8248-593241B6F56B}.Debug|Any CPU.ActiveCfg = Debug|Any CPU
		{B8DBC524-D685-4E5A-8248-593241B6F56B}.Debug|Any CPU.Build.0 = Debug|Any CPU
		{B8DBC524-D685-4E5A-8248-593241B6F56B}.Release|Any CPU.ActiveCfg = Release|Any CPU
		{B8DBC524-D685-4E5A-8248-593241B6F56B}.Release|Any CPU.Build.0 = Release|Any CPU
	EndGlobalSection
	GlobalSection(SolutionProperties) = preSolution
		HideSolutionNode = FALSE
	EndGlobalSection
	GlobalSection(ExtensibilityGlobals) = postSolution
		SolutionGuid = {5923DA5E-7C8C-4CBD-8448-838BE0D1F62F}
	EndGlobalSection
EndGlobal
